// !$*UTF8*$!
{
	archiveVersion = 1;
	classes = {
	};
	objectVersion = 70;
	objects = {

/* Begin PBXBuildFile section */
		620AA43F2CDA4CF0008C2918 /* DesignerRobotModelController.swift in Sources */ = {isa = PBXBuildFile; fileRef = 620AA43E2CDA4CEF008C2918 /* DesignerRobotModelController.swift */; };
		620AA4412CDA5701008C2918 /* KinematicInspectorView.swift in Sources */ = {isa = PBXBuildFile; fileRef = 620AA4402CDA5701008C2918 /* KinematicInspectorView.swift */; };
		620AA4432CDA63DE008C2918 /* MakeRobotComponentsView.swift in Sources */ = {isa = PBXBuildFile; fileRef = 620AA4422CDA63DE008C2918 /* MakeRobotComponentsView.swift */; };
		620AA44C2CDF92C9008C2918 /* CodeBuilderView.swift in Sources */ = {isa = PBXBuildFile; fileRef = 620AA44B2CDF92C9008C2918 /* CodeBuilderView.swift */; };
		621A4EA02BB73DEB006A081A /* ImageView.swift in Sources */ = {isa = PBXBuildFile; fileRef = 621A4E9F2BB73DEB006A081A /* ImageView.swift */; };
		622578702C24A9940023004E /* ResourcesPackageView.swift in Sources */ = {isa = PBXBuildFile; fileRef = 6225786F2C24A9940023004E /* ResourcesPackageView.swift */; };
		62277B722D285D19002E9D4D /* PBuild.command in Resources */ = {isa = PBXBuildFile; fileRef = 62277B712D285D19002E9D4D /* PBuild.command */; };
		62277B732D285D19002E9D4D /* LCompile.command in Resources */ = {isa = PBXBuildFile; fileRef = 62277B6E2D285D19002E9D4D /* LCompile.command */; };
		62277B742D285D19002E9D4D /* LtPConvert.command in Resources */ = {isa = PBXBuildFile; fileRef = 62277B6F2D285D19002E9D4D /* LtPConvert.command */; };
		62277B752D285D19002E9D4D /* MPCompile.command in Resources */ = {isa = PBXBuildFile; fileRef = 62277B702D285D19002E9D4D /* MPCompile.command */; };
		622C88A22BB71C7200A53213 /* ImagesListView.swift in Sources */ = {isa = PBXBuildFile; fileRef = 622C88A12BB71C7200A53213 /* ImagesListView.swift */; };
		623D72482ADAFD8500927DEA /* SceneView.swift in Sources */ = {isa = PBXBuildFile; fileRef = 623D72472ADAFD8500927DEA /* SceneView.swift */; };
		6255B9202B9BDC86002B575C /* Framers.swift in Sources */ = {isa = PBXBuildFile; fileRef = 6255B91F2B9BDC86002B575C /* Framers.swift */; };
		6255B9242B9E0DD4002B575C /* DocumentUpdateHandler.swift in Sources */ = {isa = PBXBuildFile; fileRef = 6255B9232B9E0DD4002B575C /* DocumentUpdateHandler.swift */; };
		6261B1F22C02692A00FECFF0 /* CodeEditorView.swift in Sources */ = {isa = PBXBuildFile; fileRef = 6261B1F12C02692A00FECFF0 /* CodeEditorView.swift */; };
		6268723F2BC18D21005F8B3C /* ModulesView.swift in Sources */ = {isa = PBXBuildFile; fileRef = 6268723E2BC18D20005F8B3C /* ModulesView.swift */; };
		626872422BC1A3D2005F8B3C /* ListingsListView.swift in Sources */ = {isa = PBXBuildFile; fileRef = 626872412BC1A3D2005F8B3C /* ListingsListView.swift */; };
		626872442BC1A3E5005F8B3C /* ListingView.swift in Sources */ = {isa = PBXBuildFile; fileRef = 626872432BC1A3E5005F8B3C /* ListingView.swift */; };
		627D3EBF2AD3F61400D5988D /* PackageView.swift in Sources */ = {isa = PBXBuildFile; fileRef = 627D3EBE2AD3F61400D5988D /* PackageView.swift */; };
		627DA0702BEEDB7B00FD957F /* ToolModuleDesigner.swift in Sources */ = {isa = PBXBuildFile; fileRef = 627DA06F2BEEDB7B00FD957F /* ToolModuleDesigner.swift */; };
		6289FCC72AD0398100BB7F5E /* Industrial_BuilderApp.swift in Sources */ = {isa = PBXBuildFile; fileRef = 6289FCC62AD0398100BB7F5E /* Industrial_BuilderApp.swift */; };
		6289FCC92AD0398100BB7F5E /* ContentView.swift in Sources */ = {isa = PBXBuildFile; fileRef = 6289FCC82AD0398100BB7F5E /* ContentView.swift */; };
		6289FCCD2AD0398300BB7F5E /* Assets.xcassets in Resources */ = {isa = PBXBuildFile; fileRef = 6289FCCC2AD0398300BB7F5E /* Assets.xcassets */; };
		6289FCD22AD0398300BB7F5E /* Preview Assets.xcassets in Resources */ = {isa = PBXBuildFile; fileRef = 6289FCD12AD0398300BB7F5E /* Preview Assets.xcassets */; };
		6289FCF82AD1EBAE00BB7F5E /* STCDocument.swift in Sources */ = {isa = PBXBuildFile; fileRef = 6289FCF62AD1EB2600BB7F5E /* STCDocument.swift */; };
		628BB4192ADD403200825BBF /* StandardTemplateConstruct.swift in Sources */ = {isa = PBXBuildFile; fileRef = 628BB4182ADD403200825BBF /* StandardTemplateConstruct.swift */; };
		628E14522AD73C0400BC8FD9 /* IndustrialKit in Frameworks */ = {isa = PBXBuildFile; productRef = 628E14512AD73C0400BC8FD9 /* IndustrialKit */; };
		628E14562AD8AAF400BC8FD9 /* BuildView.swift in Sources */ = {isa = PBXBuildFile; fileRef = 628E14552AD8AAF400BC8FD9 /* BuildView.swift */; };
		628E14582AD8ADCC00BC8FD9 /* RobotModulesView.swift in Sources */ = {isa = PBXBuildFile; fileRef = 628E14572AD8ADCC00BC8FD9 /* RobotModulesView.swift */; };
		628E145A2AD8ADE100BC8FD9 /* ToolModulesView.swift in Sources */ = {isa = PBXBuildFile; fileRef = 628E14592AD8ADE100BC8FD9 /* ToolModulesView.swift */; };
		628E3A7E2BED86B10005A929 /* InfoView.swift in Sources */ = {isa = PBXBuildFile; fileRef = 628E3A7D2BED86B10005A929 /* InfoView.swift */; };
		628E72132CCC15FB00E71E7F /* LinkedComponentsView.swift in Sources */ = {isa = PBXBuildFile; fileRef = 628E72122CCC15FA00E71E7F /* LinkedComponentsView.swift */; };
		6296D28A2AEC55580094FB19 /* Cards.swift in Sources */ = {isa = PBXBuildFile; fileRef = 6296D2892AEC55580094FB19 /* Cards.swift */; };
		6296D2AA2AED6E290094FB19 /* AppState.swift in Sources */ = {isa = PBXBuildFile; fileRef = 6296D2A92AED6E290094FB19 /* AppState.swift */; };
		6296D2AE2AED9C2C0094FB19 /* 6DOFController.swift in Sources */ = {isa = PBXBuildFile; fileRef = 6296D2AC2AED9C2C0094FB19 /* 6DOFController.swift */; };
		6296D2AF2AED9C2C0094FB19 /* PortalController.swift in Sources */ = {isa = PBXBuildFile; fileRef = 6296D2AD2AED9C2C0094FB19 /* PortalController.swift */; };
		62988BD62BD05D8200371AFE /* ModulesListView.swift in Sources */ = {isa = PBXBuildFile; fileRef = 62988BD52BD05D8200371AFE /* ModulesListView.swift */; };
		62988BD82BD0600100371AFE /* PartModulesView.swift in Sources */ = {isa = PBXBuildFile; fileRef = 62988BD72BD0600100371AFE /* PartModulesView.swift */; };
		629AABC42BC8561500720386 /* STCPackageInfo.swift in Sources */ = {isa = PBXBuildFile; fileRef = 629AABC32BC8561500720386 /* STCPackageInfo.swift */; };
		629AABC62BC856D300720386 /* KinematicGroup.swift in Sources */ = {isa = PBXBuildFile; fileRef = 629AABC52BC856D300720386 /* KinematicGroup.swift */; };
		629B526A2AF68902003F45D2 /* SceneSelectorView.swift in Sources */ = {isa = PBXBuildFile; fileRef = 629B52692AF68902003F45D2 /* SceneSelectorView.swift */; };
		629B526C2AF69056003F45D2 /* ScenesListView.swift in Sources */ = {isa = PBXBuildFile; fileRef = 629B526B2AF69056003F45D2 /* ScenesListView.swift */; };
		62AE552E2AE7086B00554A5B /* KinematicDesignerView.swift in Sources */ = {isa = PBXBuildFile; fileRef = 62AE552D2AE7086B00554A5B /* KinematicDesignerView.swift */; };
		62AE55302AE962CA00554A5B /* ComponentsView.swift in Sources */ = {isa = PBXBuildFile; fileRef = 62AE552F2AE962CA00554A5B /* ComponentsView.swift */; };
		62AE55322AE96B3D00554A5B /* KinematicsListView.swift in Sources */ = {isa = PBXBuildFile; fileRef = 62AE55312AE96B3D00554A5B /* KinematicsListView.swift */; };
		62AE55342AE99FE300554A5B /* KinematicComponents.scnassets in Resources */ = {isa = PBXBuildFile; fileRef = 62AE55332AE99FE300554A5B /* KinematicComponents.scnassets */; };
		62BAE7772BD71846000972EA /* PartModuleDesigner.swift in Sources */ = {isa = PBXBuildFile; fileRef = 62BAE7762BD71846000972EA /* PartModuleDesigner.swift */; };
		62BAE7782BD71D89000972EA /* ChangerModuleDesigner.swift in Sources */ = {isa = PBXBuildFile; fileRef = 628E14532AD7E44C00BC8FD9 /* ChangerModuleDesigner.swift */; };
		62BAE7792BD71DE5000972EA /* ChangerModulesView.swift in Sources */ = {isa = PBXBuildFile; fileRef = 62D5A0FE2BD1BF9500356FD2 /* ChangerModulesView.swift */; };
		62D3118E2CE2905C002A39B8 /* List.txt in Resources */ = {isa = PBXBuildFile; fileRef = 62D3118D2CE2905C002A39B8 /* List.txt */; };
		62D4304F2CE7E9E900894BEC /* ConnectionParametersView.swift in Sources */ = {isa = PBXBuildFile; fileRef = 62D4304E2CE7E9E900894BEC /* ConnectionParametersView.swift */; };
		62D52D712C37EA91009A3DC7 /* OperationCodesEditor.swift in Sources */ = {isa = PBXBuildFile; fileRef = 62D52D702C37EA91009A3DC7 /* OperationCodesEditor.swift */; };
		62F1AC4C2C2C702800C0B8E6 /* RobotModuleDesigner.swift in Sources */ = {isa = PBXBuildFile; fileRef = 62F1AC4B2C2C702800C0B8E6 /* RobotModuleDesigner.swift */; };
/* End PBXBuildFile section */

/* Begin PBXFileReference section */
		620AA43E2CDA4CEF008C2918 /* DesignerRobotModelController.swift */ = {isa = PBXFileReference; lastKnownFileType = sourcecode.swift; path = DesignerRobotModelController.swift; sourceTree = "<group>"; };
		620AA4402CDA5701008C2918 /* KinematicInspectorView.swift */ = {isa = PBXFileReference; lastKnownFileType = sourcecode.swift; path = KinematicInspectorView.swift; sourceTree = "<group>"; };
		620AA4422CDA63DE008C2918 /* MakeRobotComponentsView.swift */ = {isa = PBXFileReference; lastKnownFileType = sourcecode.swift; path = MakeRobotComponentsView.swift; sourceTree = "<group>"; };
		620AA44B2CDF92C9008C2918 /* CodeBuilderView.swift */ = {isa = PBXFileReference; lastKnownFileType = sourcecode.swift; path = CodeBuilderView.swift; sourceTree = "<group>"; };
		621A4E9F2BB73DEB006A081A /* ImageView.swift */ = {isa = PBXFileReference; lastKnownFileType = sourcecode.swift; path = ImageView.swift; sourceTree = "<group>"; };
		6225786F2C24A9940023004E /* ResourcesPackageView.swift */ = {isa = PBXFileReference; lastKnownFileType = sourcecode.swift; path = ResourcesPackageView.swift; sourceTree = "<group>"; };
		62277B6E2D285D19002E9D4D /* LCompile.command */ = {isa = PBXFileReference; lastKnownFileType = text; path = LCompile.command; sourceTree = "<group>"; };
		62277B6F2D285D19002E9D4D /* LtPConvert.command */ = {isa = PBXFileReference; lastKnownFileType = text; path = LtPConvert.command; sourceTree = "<group>"; };
		62277B702D285D19002E9D4D /* MPCompile.command */ = {isa = PBXFileReference; lastKnownFileType = text; path = MPCompile.command; sourceTree = "<group>"; };
		62277B712D285D19002E9D4D /* PBuild.command */ = {isa = PBXFileReference; lastKnownFileType = text; path = PBuild.command; sourceTree = "<group>"; };
		622C88A12BB71C7200A53213 /* ImagesListView.swift */ = {isa = PBXFileReference; lastKnownFileType = sourcecode.swift; path = ImagesListView.swift; sourceTree = "<group>"; };
		623D72472ADAFD8500927DEA /* SceneView.swift */ = {isa = PBXFileReference; lastKnownFileType = sourcecode.swift; path = SceneView.swift; sourceTree = "<group>"; };
		6255B91F2B9BDC86002B575C /* Framers.swift */ = {isa = PBXFileReference; lastKnownFileType = sourcecode.swift; path = Framers.swift; sourceTree = "<group>"; };
		6255B9232B9E0DD4002B575C /* DocumentUpdateHandler.swift */ = {isa = PBXFileReference; lastKnownFileType = sourcecode.swift; path = DocumentUpdateHandler.swift; sourceTree = "<group>"; };
		6261B1F12C02692A00FECFF0 /* CodeEditorView.swift */ = {isa = PBXFileReference; lastKnownFileType = sourcecode.swift; path = CodeEditorView.swift; sourceTree = "<group>"; };
		6268723E2BC18D20005F8B3C /* ModulesView.swift */ = {isa = PBXFileReference; lastKnownFileType = sourcecode.swift; path = ModulesView.swift; sourceTree = "<group>"; };
		626872412BC1A3D2005F8B3C /* ListingsListView.swift */ = {isa = PBXFileReference; lastKnownFileType = sourcecode.swift; path = ListingsListView.swift; sourceTree = "<group>"; };
		626872432BC1A3E5005F8B3C /* ListingView.swift */ = {isa = PBXFileReference; lastKnownFileType = sourcecode.swift; path = ListingView.swift; sourceTree = "<group>"; };
		627D3EBE2AD3F61400D5988D /* PackageView.swift */ = {isa = PBXFileReference; lastKnownFileType = sourcecode.swift; path = PackageView.swift; sourceTree = "<group>"; };
		627DA06F2BEEDB7B00FD957F /* ToolModuleDesigner.swift */ = {isa = PBXFileReference; lastKnownFileType = sourcecode.swift; path = ToolModuleDesigner.swift; sourceTree = "<group>"; };
		6289FCC32AD0398100BB7F5E /* Industrial Builder.app */ = {isa = PBXFileReference; explicitFileType = wrapper.application; includeInIndex = 0; path = "Industrial Builder.app"; sourceTree = BUILT_PRODUCTS_DIR; };
		6289FCC62AD0398100BB7F5E /* Industrial_BuilderApp.swift */ = {isa = PBXFileReference; lastKnownFileType = sourcecode.swift; path = Industrial_BuilderApp.swift; sourceTree = "<group>"; };
		6289FCC82AD0398100BB7F5E /* ContentView.swift */ = {isa = PBXFileReference; lastKnownFileType = sourcecode.swift; path = ContentView.swift; sourceTree = "<group>"; };
		6289FCCC2AD0398300BB7F5E /* Assets.xcassets */ = {isa = PBXFileReference; lastKnownFileType = folder.assetcatalog; path = Assets.xcassets; sourceTree = "<group>"; };
		6289FCCE2AD0398300BB7F5E /* Info.plist */ = {isa = PBXFileReference; lastKnownFileType = text.plist.xml; path = Info.plist; sourceTree = "<group>"; };
		6289FCCF2AD0398300BB7F5E /* Industrial_Builder.entitlements */ = {isa = PBXFileReference; lastKnownFileType = text.plist.entitlements; path = Industrial_Builder.entitlements; sourceTree = "<group>"; };
		6289FCD12AD0398300BB7F5E /* Preview Assets.xcassets */ = {isa = PBXFileReference; lastKnownFileType = folder.assetcatalog; path = "Preview Assets.xcassets"; sourceTree = "<group>"; };
		6289FCF62AD1EB2600BB7F5E /* STCDocument.swift */ = {isa = PBXFileReference; lastKnownFileType = sourcecode.swift; path = STCDocument.swift; sourceTree = "<group>"; };
		628BB4182ADD403200825BBF /* StandardTemplateConstruct.swift */ = {isa = PBXFileReference; lastKnownFileType = sourcecode.swift; path = StandardTemplateConstruct.swift; sourceTree = "<group>"; };
		628E14532AD7E44C00BC8FD9 /* ChangerModuleDesigner.swift */ = {isa = PBXFileReference; lastKnownFileType = sourcecode.swift; path = ChangerModuleDesigner.swift; sourceTree = "<group>"; };
		628E14552AD8AAF400BC8FD9 /* BuildView.swift */ = {isa = PBXFileReference; lastKnownFileType = sourcecode.swift; path = BuildView.swift; sourceTree = "<group>"; };
		628E14572AD8ADCC00BC8FD9 /* RobotModulesView.swift */ = {isa = PBXFileReference; lastKnownFileType = sourcecode.swift; path = RobotModulesView.swift; sourceTree = "<group>"; };
		628E14592AD8ADE100BC8FD9 /* ToolModulesView.swift */ = {isa = PBXFileReference; lastKnownFileType = sourcecode.swift; path = ToolModulesView.swift; sourceTree = "<group>"; };
		628E3A7D2BED86B10005A929 /* InfoView.swift */ = {isa = PBXFileReference; lastKnownFileType = sourcecode.swift; path = InfoView.swift; sourceTree = "<group>"; };
		628E72122CCC15FA00E71E7F /* LinkedComponentsView.swift */ = {isa = PBXFileReference; lastKnownFileType = sourcecode.swift; path = LinkedComponentsView.swift; sourceTree = "<group>"; };
		6296D2892AEC55580094FB19 /* Cards.swift */ = {isa = PBXFileReference; lastKnownFileType = sourcecode.swift; path = Cards.swift; sourceTree = "<group>"; };
		6296D2A92AED6E290094FB19 /* AppState.swift */ = {isa = PBXFileReference; lastKnownFileType = sourcecode.swift; path = AppState.swift; sourceTree = "<group>"; };
		6296D2AC2AED9C2C0094FB19 /* 6DOFController.swift */ = {isa = PBXFileReference; fileEncoding = 4; lastKnownFileType = sourcecode.swift; path = 6DOFController.swift; sourceTree = "<group>"; };
		6296D2AD2AED9C2C0094FB19 /* PortalController.swift */ = {isa = PBXFileReference; fileEncoding = 4; lastKnownFileType = sourcecode.swift; path = PortalController.swift; sourceTree = "<group>"; };
		62988BD52BD05D8200371AFE /* ModulesListView.swift */ = {isa = PBXFileReference; lastKnownFileType = sourcecode.swift; path = ModulesListView.swift; sourceTree = "<group>"; };
		62988BD72BD0600100371AFE /* PartModulesView.swift */ = {isa = PBXFileReference; lastKnownFileType = sourcecode.swift; path = PartModulesView.swift; sourceTree = "<group>"; };
		629AABC32BC8561500720386 /* STCPackageInfo.swift */ = {isa = PBXFileReference; lastKnownFileType = sourcecode.swift; path = STCPackageInfo.swift; sourceTree = "<group>"; };
		629AABC52BC856D300720386 /* KinematicGroup.swift */ = {isa = PBXFileReference; lastKnownFileType = sourcecode.swift; path = KinematicGroup.swift; sourceTree = "<group>"; };
		629B52692AF68902003F45D2 /* SceneSelectorView.swift */ = {isa = PBXFileReference; lastKnownFileType = sourcecode.swift; path = SceneSelectorView.swift; sourceTree = "<group>"; };
		629B526B2AF69056003F45D2 /* ScenesListView.swift */ = {isa = PBXFileReference; lastKnownFileType = sourcecode.swift; path = ScenesListView.swift; sourceTree = "<group>"; };
		62AE552D2AE7086B00554A5B /* KinematicDesignerView.swift */ = {isa = PBXFileReference; lastKnownFileType = sourcecode.swift; path = KinematicDesignerView.swift; sourceTree = "<group>"; };
		62AE552F2AE962CA00554A5B /* ComponentsView.swift */ = {isa = PBXFileReference; lastKnownFileType = sourcecode.swift; path = ComponentsView.swift; sourceTree = "<group>"; };
		62AE55312AE96B3D00554A5B /* KinematicsListView.swift */ = {isa = PBXFileReference; lastKnownFileType = sourcecode.swift; path = KinematicsListView.swift; sourceTree = "<group>"; };
		62AE55332AE99FE300554A5B /* KinematicComponents.scnassets */ = {isa = PBXFileReference; lastKnownFileType = wrapper.scnassets; path = KinematicComponents.scnassets; sourceTree = "<group>"; };
		62BAE7762BD71846000972EA /* PartModuleDesigner.swift */ = {isa = PBXFileReference; lastKnownFileType = sourcecode.swift; path = PartModuleDesigner.swift; sourceTree = "<group>"; };
		62D3118D2CE2905C002A39B8 /* List.txt */ = {isa = PBXFileReference; lastKnownFileType = text; path = List.txt; sourceTree = "<group>"; };
		62D4304E2CE7E9E900894BEC /* ConnectionParametersView.swift */ = {isa = PBXFileReference; lastKnownFileType = sourcecode.swift; path = ConnectionParametersView.swift; sourceTree = "<group>"; };
		62D52D702C37EA91009A3DC7 /* OperationCodesEditor.swift */ = {isa = PBXFileReference; lastKnownFileType = sourcecode.swift; path = OperationCodesEditor.swift; sourceTree = "<group>"; };
		62D5A0FE2BD1BF9500356FD2 /* ChangerModulesView.swift */ = {isa = PBXFileReference; lastKnownFileType = sourcecode.swift; path = ChangerModulesView.swift; sourceTree = "<group>"; };
		62F1AC4B2C2C702800C0B8E6 /* RobotModuleDesigner.swift */ = {isa = PBXFileReference; lastKnownFileType = sourcecode.swift; path = RobotModuleDesigner.swift; sourceTree = "<group>"; };
/* End PBXFileReference section */

/* Begin PBXFileSystemSynchronizedRootGroup section */
		620AA44E2CDFAC08008C2918 /* Robot */ = {isa = PBXFileSystemSynchronizedRootGroup; explicitFileTypes = {}; explicitFolders = (); path = Robot; sourceTree = "<group>"; };
		620AA4542CDFAC1C008C2918 /* Tool */ = {isa = PBXFileSystemSynchronizedRootGroup; explicitFileTypes = {}; explicitFolders = (); path = Tool; sourceTree = "<group>"; };
		620AA4552CDFAC25008C2918 /* Changer */ = {isa = PBXFileSystemSynchronizedRootGroup; explicitFileTypes = {}; explicitFolders = (); path = Changer; sourceTree = "<group>"; };
		62D311A02CE3882A002A39B8 /* Part */ = {isa = PBXFileSystemSynchronizedRootGroup; explicitFileTypes = {}; explicitFolders = (); path = Part; sourceTree = "<group>"; };
/* End PBXFileSystemSynchronizedRootGroup section */

/* Begin PBXFrameworksBuildPhase section */
		6289FCC02AD0398100BB7F5E /* Frameworks */ = {
			isa = PBXFrameworksBuildPhase;
			buildActionMask = 2147483647;
			files = (
				628E14522AD73C0400BC8FD9 /* IndustrialKit in Frameworks */,
			);
			runOnlyForDeploymentPostprocessing = 0;
		};
/* End PBXFrameworksBuildPhase section */

/* Begin PBXGroup section */
		620AA4442CDD5732008C2918 /* CodeTemplates */ = {
			isa = PBXGroup;
			children = (
				62D3118D2CE2905C002A39B8 /* List.txt */,
				620AA44E2CDFAC08008C2918 /* Robot */,
				620AA4542CDFAC1C008C2918 /* Tool */,
				62D311A02CE3882A002A39B8 /* Part */,
				620AA4552CDFAC25008C2918 /* Changer */,
			);
			path = CodeTemplates;
			sourceTree = "<group>";
		};
		62277B6D2D285223002E9D4D /* Scripts */ = {
			isa = PBXGroup;
			children = (
				62277B6E2D285D19002E9D4D /* LCompile.command */,
				62277B6F2D285D19002E9D4D /* LtPConvert.command */,
				62277B702D285D19002E9D4D /* MPCompile.command */,
				62277B712D285D19002E9D4D /* PBuild.command */,
			);
			path = Scripts;
			sourceTree = "<group>";
		};
		622C88A32BB73C7300A53213 /* ImagesViewer */ = {
			isa = PBXGroup;
			children = (
				622C88A12BB71C7200A53213 /* ImagesListView.swift */,
				621A4E9F2BB73DEB006A081A /* ImageView.swift */,
			);
			path = ImagesViewer;
			sourceTree = "<group>";
		};
		6255B91E2B9BDC34002B575C /* ViewModifiers */ = {
			isa = PBXGroup;
			children = (
				6255B91F2B9BDC86002B575C /* Framers.swift */,
				6255B9232B9E0DD4002B575C /* DocumentUpdateHandler.swift */,
			);
			path = ViewModifiers;
			sourceTree = "<group>";
		};
		6255B9212B9D242F002B575C /* IMADesigner */ = {
			isa = PBXGroup;
			children = (
				62D5A0FE2BD1BF9500356FD2 /* ChangerModulesView.swift */,
				628E14532AD7E44C00BC8FD9 /* ChangerModuleDesigner.swift */,
			);
			path = IMADesigner;
			sourceTree = "<group>";
		};
		6255B9222B9D26AA002B575C /* ModulesDesigners */ = {
			isa = PBXGroup;
			children = (
				62988BD52BD05D8200371AFE /* ModulesListView.swift */,
				6261B1F12C02692A00FECFF0 /* CodeEditorView.swift */,
				620AA44B2CDF92C9008C2918 /* CodeBuilderView.swift */,
				6225786F2C24A9940023004E /* ResourcesPackageView.swift */,
				62D4304E2CE7E9E900894BEC /* ConnectionParametersView.swift */,
				628E72122CCC15FA00E71E7F /* LinkedComponentsView.swift */,
				62988BD42BD046F900371AFE /* RobotsDesigner */,
				62988BD32BD046E400371AFE /* ToolsDesigner */,
				62988BD22BD0419E00371AFE /* PartsDesigner */,
				6255B9212B9D242F002B575C /* IMADesigner */,
			);
			path = ModulesDesigners;
			sourceTree = "<group>";
		};
		626872402BC1A3A6005F8B3C /* ListingsView */ = {
			isa = PBXGroup;
			children = (
				626872412BC1A3D2005F8B3C /* ListingsListView.swift */,
				626872432BC1A3E5005F8B3C /* ListingView.swift */,
			);
			path = ListingsView;
			sourceTree = "<group>";
		};
		627D3EBD2AD3F5EF00D5988D /* Views */ = {
			isa = PBXGroup;
			children = (
				6289FCC82AD0398100BB7F5E /* ContentView.swift */,
				6268723E2BC18D20005F8B3C /* ModulesView.swift */,
				627D3EBE2AD3F61400D5988D /* PackageView.swift */,
				628E3A7D2BED86B10005A929 /* InfoView.swift */,
				628E14552AD8AAF400BC8FD9 /* BuildView.swift */,
				62AE552F2AE962CA00554A5B /* ComponentsView.swift */,
				6296D2892AEC55580094FB19 /* Cards.swift */,
			);
			path = Views;
			sourceTree = "<group>";
		};
		6289FCBA2AD0398100BB7F5E = {
			isa = PBXGroup;
			children = (
				6289FCC52AD0398100BB7F5E /* Industrial Builder */,
				6289FCC42AD0398100BB7F5E /* Products */,
			);
			sourceTree = "<group>";
		};
		6289FCC42AD0398100BB7F5E /* Products */ = {
			isa = PBXGroup;
			children = (
				6289FCC32AD0398100BB7F5E /* Industrial Builder.app */,
			);
			name = Products;
			sourceTree = "<group>";
		};
		6289FCC52AD0398100BB7F5E /* Industrial Builder */ = {
			isa = PBXGroup;
			children = (
				62AE55292AE7079100554A5B /* Utilites */,
				627D3EBD2AD3F5EF00D5988D /* Views */,
				6255B91E2B9BDC34002B575C /* ViewModifiers */,
				629AABC12BC855D200720386 /* STC */,
				620AA4442CDD5732008C2918 /* CodeTemplates */,
				62277B6D2D285223002E9D4D /* Scripts */,
				6289FCC62AD0398100BB7F5E /* Industrial_BuilderApp.swift */,
				6296D2A92AED6E290094FB19 /* AppState.swift */,
				6289FCCC2AD0398300BB7F5E /* Assets.xcassets */,
				6289FCCE2AD0398300BB7F5E /* Info.plist */,
				6289FCCF2AD0398300BB7F5E /* Industrial_Builder.entitlements */,
				6289FCD02AD0398300BB7F5E /* Preview Content */,
			);
			path = "Industrial Builder";
			sourceTree = "<group>";
		};
		6289FCD02AD0398300BB7F5E /* Preview Content */ = {
			isa = PBXGroup;
			children = (
				6289FCD12AD0398300BB7F5E /* Preview Assets.xcassets */,
			);
			path = "Preview Content";
			sourceTree = "<group>";
		};
		6296D2AB2AED9BDD0094FB19 /* ModelControllers */ = {
			isa = PBXGroup;
			children = (
				620AA43E2CDA4CEF008C2918 /* DesignerRobotModelController.swift */,
				6296D2AC2AED9C2C0094FB19 /* 6DOFController.swift */,
				6296D2AD2AED9C2C0094FB19 /* PortalController.swift */,
			);
			path = ModelControllers;
			sourceTree = "<group>";
		};
		62988BD22BD0419E00371AFE /* PartsDesigner */ = {
			isa = PBXGroup;
			children = (
				62988BD72BD0600100371AFE /* PartModulesView.swift */,
				62BAE7762BD71846000972EA /* PartModuleDesigner.swift */,
			);
			path = PartsDesigner;
			sourceTree = "<group>";
		};
		62988BD32BD046E400371AFE /* ToolsDesigner */ = {
			isa = PBXGroup;
			children = (
				628E14592AD8ADE100BC8FD9 /* ToolModulesView.swift */,
				627DA06F2BEEDB7B00FD957F /* ToolModuleDesigner.swift */,
				62D52D702C37EA91009A3DC7 /* OperationCodesEditor.swift */,
			);
			path = ToolsDesigner;
			sourceTree = "<group>";
		};
		62988BD42BD046F900371AFE /* RobotsDesigner */ = {
			isa = PBXGroup;
			children = (
				628E14572AD8ADCC00BC8FD9 /* RobotModulesView.swift */,
				62F1AC4B2C2C702800C0B8E6 /* RobotModuleDesigner.swift */,
			);
			path = RobotsDesigner;
			sourceTree = "<group>";
		};
		629AABC12BC855D200720386 /* STC */ = {
			isa = PBXGroup;
			children = (
				6289FCF62AD1EB2600BB7F5E /* STCDocument.swift */,
				628BB4182ADD403200825BBF /* StandardTemplateConstruct.swift */,
				629AABC32BC8561500720386 /* STCPackageInfo.swift */,
			);
			path = STC;
			sourceTree = "<group>";
		};
		629B52682AF6887D003F45D2 /* ScenesViewer */ = {
			isa = PBXGroup;
			children = (
				629B526B2AF69056003F45D2 /* ScenesListView.swift */,
				623D72472ADAFD8500927DEA /* SceneView.swift */,
				629B52692AF68902003F45D2 /* SceneSelectorView.swift */,
			);
			path = ScenesViewer;
			sourceTree = "<group>";
		};
		62AE55292AE7079100554A5B /* Utilites */ = {
			isa = PBXGroup;
			children = (
				622C88A32BB73C7300A53213 /* ImagesViewer */,
				629B52682AF6887D003F45D2 /* ScenesViewer */,
				626872402BC1A3A6005F8B3C /* ListingsView */,
				62AE552C2AE707CF00554A5B /* KinematicBuilder */,
				6255B9222B9D26AA002B575C /* ModulesDesigners */,
			);
			path = Utilites;
			sourceTree = "<group>";
		};
		62AE552C2AE707CF00554A5B /* KinematicBuilder */ = {
			isa = PBXGroup;
			children = (
				62AE55332AE99FE300554A5B /* KinematicComponents.scnassets */,
				6296D2AB2AED9BDD0094FB19 /* ModelControllers */,
				629AABC52BC856D300720386 /* KinematicGroup.swift */,
				62AE55312AE96B3D00554A5B /* KinematicsListView.swift */,
				62AE552D2AE7086B00554A5B /* KinematicDesignerView.swift */,
				620AA4422CDA63DE008C2918 /* MakeRobotComponentsView.swift */,
				620AA4402CDA5701008C2918 /* KinematicInspectorView.swift */,
			);
			path = KinematicBuilder;
			sourceTree = "<group>";
		};
/* End PBXGroup section */

/* Begin PBXNativeTarget section */
		6289FCC22AD0398100BB7F5E /* Industrial Builder */ = {
			isa = PBXNativeTarget;
			buildConfigurationList = 6289FCD52AD0398300BB7F5E /* Build configuration list for PBXNativeTarget "Industrial Builder" */;
			buildPhases = (
				6289FCBF2AD0398100BB7F5E /* Sources */,
				6289FCC02AD0398100BB7F5E /* Frameworks */,
				6289FCC12AD0398100BB7F5E /* Resources */,
			);
			buildRules = (
			);
			dependencies = (
			);
			fileSystemSynchronizedGroups = (
				620AA44E2CDFAC08008C2918 /* Robot */,
				620AA4542CDFAC1C008C2918 /* Tool */,
				620AA4552CDFAC25008C2918 /* Changer */,
				62D311A02CE3882A002A39B8 /* Part */,
			);
			name = "Industrial Builder";
			packageProductDependencies = (
				628E14512AD73C0400BC8FD9 /* IndustrialKit */,
			);
			productName = "Industrial Builder";
			productReference = 6289FCC32AD0398100BB7F5E /* Industrial Builder.app */;
			productType = "com.apple.product-type.application";
		};
/* End PBXNativeTarget section */

/* Begin PBXProject section */
		6289FCBB2AD0398100BB7F5E /* Project object */ = {
			isa = PBXProject;
			attributes = {
				BuildIndependentTargetsInParallel = 1;
				LastSwiftUpdateCheck = 1510;
				LastUpgradeCheck = 1510;
				TargetAttributes = {
					6289FCC22AD0398100BB7F5E = {
						CreatedOnToolsVersion = 15.1;
					};
				};
			};
			buildConfigurationList = 6289FCBE2AD0398100BB7F5E /* Build configuration list for PBXProject "Industrial Builder" */;
			compatibilityVersion = "Xcode 14.0";
			developmentRegion = en;
			hasScannedForEncodings = 0;
			knownRegions = (
				en,
				Base,
			);
			mainGroup = 6289FCBA2AD0398100BB7F5E;
			packageReferences = (
				628E14502AD73C0400BC8FD9 /* XCRemoteSwiftPackageReference "IndustrialKit" */,
			);
			productRefGroup = 6289FCC42AD0398100BB7F5E /* Products */;
			projectDirPath = "";
			projectRoot = "";
			targets = (
				6289FCC22AD0398100BB7F5E /* Industrial Builder */,
			);
		};
/* End PBXProject section */

/* Begin PBXResourcesBuildPhase section */
		6289FCC12AD0398100BB7F5E /* Resources */ = {
			isa = PBXResourcesBuildPhase;
			buildActionMask = 2147483647;
			files = (
				6289FCD22AD0398300BB7F5E /* Preview Assets.xcassets in Resources */,
				6289FCCD2AD0398300BB7F5E /* Assets.xcassets in Resources */,
				62D3118E2CE2905C002A39B8 /* List.txt in Resources */,
				62277B722D285D19002E9D4D /* PBuild.command in Resources */,
				62277B732D285D19002E9D4D /* LCompile.command in Resources */,
				62277B742D285D19002E9D4D /* LtPConvert.command in Resources */,
				62277B752D285D19002E9D4D /* MPCompile.command in Resources */,
				62AE55342AE99FE300554A5B /* KinematicComponents.scnassets in Resources */,
			);
			runOnlyForDeploymentPostprocessing = 0;
		};
/* End PBXResourcesBuildPhase section */

/* Begin PBXSourcesBuildPhase section */
		6289FCBF2AD0398100BB7F5E /* Sources */ = {
			isa = PBXSourcesBuildPhase;
			buildActionMask = 2147483647;
			files = (
				6261B1F22C02692A00FECFF0 /* CodeEditorView.swift in Sources */,
				62AE55322AE96B3D00554A5B /* KinematicsListView.swift in Sources */,
				620AA4412CDA5701008C2918 /* KinematicInspectorView.swift in Sources */,
				6289FCC92AD0398100BB7F5E /* ContentView.swift in Sources */,
				628E14562AD8AAF400BC8FD9 /* BuildView.swift in Sources */,
				62988BD62BD05D8200371AFE /* ModulesListView.swift in Sources */,
				6296D28A2AEC55580094FB19 /* Cards.swift in Sources */,
				621A4EA02BB73DEB006A081A /* ImageView.swift in Sources */,
				627DA0702BEEDB7B00FD957F /* ToolModuleDesigner.swift in Sources */,
				620AA4432CDA63DE008C2918 /* MakeRobotComponentsView.swift in Sources */,
				62F1AC4C2C2C702800C0B8E6 /* RobotModuleDesigner.swift in Sources */,
				6296D2AE2AED9C2C0094FB19 /* 6DOFController.swift in Sources */,
				628E14582AD8ADCC00BC8FD9 /* RobotModulesView.swift in Sources */,
				62AE552E2AE7086B00554A5B /* KinematicDesignerView.swift in Sources */,
				629AABC62BC856D300720386 /* KinematicGroup.swift in Sources */,
				620AA43F2CDA4CF0008C2918 /* DesignerRobotModelController.swift in Sources */,
				629B526A2AF68902003F45D2 /* SceneSelectorView.swift in Sources */,
				6296D2AA2AED6E290094FB19 /* AppState.swift in Sources */,
				628E72132CCC15FB00E71E7F /* LinkedComponentsView.swift in Sources */,
				62AE55302AE962CA00554A5B /* ComponentsView.swift in Sources */,
				629AABC42BC8561500720386 /* STCPackageInfo.swift in Sources */,
				628E3A7E2BED86B10005A929 /* InfoView.swift in Sources */,
				6289FCF82AD1EBAE00BB7F5E /* STCDocument.swift in Sources */,
				6255B9202B9BDC86002B575C /* Framers.swift in Sources */,
				62D4304F2CE7E9E900894BEC /* ConnectionParametersView.swift in Sources */,
				628E145A2AD8ADE100BC8FD9 /* ToolModulesView.swift in Sources */,
				626872442BC1A3E5005F8B3C /* ListingView.swift in Sources */,
				622578702C24A9940023004E /* ResourcesPackageView.swift in Sources */,
				62BAE7792BD71DE5000972EA /* ChangerModulesView.swift in Sources */,
				623D72482ADAFD8500927DEA /* SceneView.swift in Sources */,
				62D52D712C37EA91009A3DC7 /* OperationCodesEditor.swift in Sources */,
				62BAE7772BD71846000972EA /* PartModuleDesigner.swift in Sources */,
				6296D2AF2AED9C2C0094FB19 /* PortalController.swift in Sources */,
				6255B9242B9E0DD4002B575C /* DocumentUpdateHandler.swift in Sources */,
				6289FCC72AD0398100BB7F5E /* Industrial_BuilderApp.swift in Sources */,
				628BB4192ADD403200825BBF /* StandardTemplateConstruct.swift in Sources */,
				62988BD82BD0600100371AFE /* PartModulesView.swift in Sources */,
				629B526C2AF69056003F45D2 /* ScenesListView.swift in Sources */,
				627D3EBF2AD3F61400D5988D /* PackageView.swift in Sources */,
				62BAE7782BD71D89000972EA /* ChangerModuleDesigner.swift in Sources */,
				626872422BC1A3D2005F8B3C /* ListingsListView.swift in Sources */,
				6268723F2BC18D21005F8B3C /* ModulesView.swift in Sources */,
				620AA44C2CDF92C9008C2918 /* CodeBuilderView.swift in Sources */,
				622C88A22BB71C7200A53213 /* ImagesListView.swift in Sources */,
			);
			runOnlyForDeploymentPostprocessing = 0;
		};
/* End PBXSourcesBuildPhase section */

/* Begin XCBuildConfiguration section */
		6289FCD32AD0398300BB7F5E /* Debug */ = {
			isa = XCBuildConfiguration;
			buildSettings = {
				ALWAYS_SEARCH_USER_PATHS = NO;
				ASSETCATALOG_COMPILER_GENERATE_SWIFT_ASSET_SYMBOL_EXTENSIONS = YES;
				CLANG_ANALYZER_NONNULL = YES;
				CLANG_ANALYZER_NUMBER_OBJECT_CONVERSION = YES_AGGRESSIVE;
				CLANG_CXX_LANGUAGE_STANDARD = "gnu++20";
				CLANG_ENABLE_MODULES = YES;
				CLANG_ENABLE_OBJC_ARC = YES;
				CLANG_ENABLE_OBJC_WEAK = YES;
				CLANG_WARN_BLOCK_CAPTURE_AUTORELEASING = YES;
				CLANG_WARN_BOOL_CONVERSION = YES;
				CLANG_WARN_COMMA = YES;
				CLANG_WARN_CONSTANT_CONVERSION = YES;
				CLANG_WARN_DEPRECATED_OBJC_IMPLEMENTATIONS = YES;
				CLANG_WARN_DIRECT_OBJC_ISA_USAGE = YES_ERROR;
				CLANG_WARN_DOCUMENTATION_COMMENTS = YES;
				CLANG_WARN_EMPTY_BODY = YES;
				CLANG_WARN_ENUM_CONVERSION = YES;
				CLANG_WARN_INFINITE_RECURSION = YES;
				CLANG_WARN_INT_CONVERSION = YES;
				CLANG_WARN_NON_LITERAL_NULL_CONVERSION = YES;
				CLANG_WARN_OBJC_IMPLICIT_RETAIN_SELF = YES;
				CLANG_WARN_OBJC_LITERAL_CONVERSION = YES;
				CLANG_WARN_OBJC_ROOT_CLASS = YES_ERROR;
				CLANG_WARN_QUOTED_INCLUDE_IN_FRAMEWORK_HEADER = YES;
				CLANG_WARN_RANGE_LOOP_ANALYSIS = YES;
				CLANG_WARN_STRICT_PROTOTYPES = YES;
				CLANG_WARN_SUSPICIOUS_MOVE = YES;
				CLANG_WARN_UNGUARDED_AVAILABILITY = YES_AGGRESSIVE;
				CLANG_WARN_UNREACHABLE_CODE = YES;
				CLANG_WARN__DUPLICATE_METHOD_MATCH = YES;
				COPY_PHASE_STRIP = NO;
				DEBUG_INFORMATION_FORMAT = dwarf;
				ENABLE_STRICT_OBJC_MSGSEND = YES;
				ENABLE_TESTABILITY = YES;
				ENABLE_USER_SCRIPT_SANDBOXING = NO;
				GCC_C_LANGUAGE_STANDARD = gnu17;
				GCC_DYNAMIC_NO_PIC = NO;
				GCC_NO_COMMON_BLOCKS = YES;
				GCC_OPTIMIZATION_LEVEL = 0;
				GCC_PREPROCESSOR_DEFINITIONS = (
					"DEBUG=1",
					"$(inherited)",
				);
				GCC_WARN_64_TO_32_BIT_CONVERSION = YES;
				GCC_WARN_ABOUT_RETURN_TYPE = YES_ERROR;
				GCC_WARN_UNDECLARED_SELECTOR = YES;
				GCC_WARN_UNINITIALIZED_AUTOS = YES_AGGRESSIVE;
				GCC_WARN_UNUSED_FUNCTION = YES;
				GCC_WARN_UNUSED_VARIABLE = YES;
				LOCALIZATION_PREFERS_STRING_CATALOGS = YES;
				MTL_ENABLE_DEBUG_INFO = INCLUDE_SOURCE;
				MTL_FAST_MATH = YES;
				ONLY_ACTIVE_ARCH = YES;
				SWIFT_ACTIVE_COMPILATION_CONDITIONS = "DEBUG $(inherited)";
				SWIFT_OPTIMIZATION_LEVEL = "-Onone";
			};
			name = Debug;
		};
		6289FCD42AD0398300BB7F5E /* Release */ = {
			isa = XCBuildConfiguration;
			buildSettings = {
				ALWAYS_SEARCH_USER_PATHS = NO;
				ASSETCATALOG_COMPILER_GENERATE_SWIFT_ASSET_SYMBOL_EXTENSIONS = YES;
				CLANG_ANALYZER_NONNULL = YES;
				CLANG_ANALYZER_NUMBER_OBJECT_CONVERSION = YES_AGGRESSIVE;
				CLANG_CXX_LANGUAGE_STANDARD = "gnu++20";
				CLANG_ENABLE_MODULES = YES;
				CLANG_ENABLE_OBJC_ARC = YES;
				CLANG_ENABLE_OBJC_WEAK = YES;
				CLANG_WARN_BLOCK_CAPTURE_AUTORELEASING = YES;
				CLANG_WARN_BOOL_CONVERSION = YES;
				CLANG_WARN_COMMA = YES;
				CLANG_WARN_CONSTANT_CONVERSION = YES;
				CLANG_WARN_DEPRECATED_OBJC_IMPLEMENTATIONS = YES;
				CLANG_WARN_DIRECT_OBJC_ISA_USAGE = YES_ERROR;
				CLANG_WARN_DOCUMENTATION_COMMENTS = YES;
				CLANG_WARN_EMPTY_BODY = YES;
				CLANG_WARN_ENUM_CONVERSION = YES;
				CLANG_WARN_INFINITE_RECURSION = YES;
				CLANG_WARN_INT_CONVERSION = YES;
				CLANG_WARN_NON_LITERAL_NULL_CONVERSION = YES;
				CLANG_WARN_OBJC_IMPLICIT_RETAIN_SELF = YES;
				CLANG_WARN_OBJC_LITERAL_CONVERSION = YES;
				CLANG_WARN_OBJC_ROOT_CLASS = YES_ERROR;
				CLANG_WARN_QUOTED_INCLUDE_IN_FRAMEWORK_HEADER = YES;
				CLANG_WARN_RANGE_LOOP_ANALYSIS = YES;
				CLANG_WARN_STRICT_PROTOTYPES = YES;
				CLANG_WARN_SUSPICIOUS_MOVE = YES;
				CLANG_WARN_UNGUARDED_AVAILABILITY = YES_AGGRESSIVE;
				CLANG_WARN_UNREACHABLE_CODE = YES;
				CLANG_WARN__DUPLICATE_METHOD_MATCH = YES;
				COPY_PHASE_STRIP = NO;
				DEBUG_INFORMATION_FORMAT = "dwarf-with-dsym";
				ENABLE_NS_ASSERTIONS = NO;
				ENABLE_STRICT_OBJC_MSGSEND = YES;
				ENABLE_USER_SCRIPT_SANDBOXING = NO;
				GCC_C_LANGUAGE_STANDARD = gnu17;
				GCC_NO_COMMON_BLOCKS = YES;
				GCC_WARN_64_TO_32_BIT_CONVERSION = YES;
				GCC_WARN_ABOUT_RETURN_TYPE = YES_ERROR;
				GCC_WARN_UNDECLARED_SELECTOR = YES;
				GCC_WARN_UNINITIALIZED_AUTOS = YES_AGGRESSIVE;
				GCC_WARN_UNUSED_FUNCTION = YES;
				GCC_WARN_UNUSED_VARIABLE = YES;
				LOCALIZATION_PREFERS_STRING_CATALOGS = YES;
				MTL_ENABLE_DEBUG_INFO = NO;
				MTL_FAST_MATH = YES;
				SWIFT_COMPILATION_MODE = wholemodule;
			};
			name = Release;
		};
		6289FCD62AD0398300BB7F5E /* Debug */ = {
			isa = XCBuildConfiguration;
			buildSettings = {
				ASSETCATALOG_COMPILER_APPICON_NAME = AppIcon;
				ASSETCATALOG_COMPILER_GLOBAL_ACCENT_COLOR_NAME = AccentColor;
				CODE_SIGN_ENTITLEMENTS = "Industrial Builder/Industrial_Builder.entitlements";
				CODE_SIGN_STYLE = Automatic;
				CURRENT_PROJECT_VERSION = 1;
				DEVELOPMENT_ASSET_PATHS = "\"Industrial Builder/Preview Content\"";
				DEVELOPMENT_TEAM = 6T64H9365J;
				ENABLE_HARDENED_RUNTIME = YES;
				ENABLE_PREVIEWS = YES;
				GENERATE_INFOPLIST_FILE = YES;
				INFOPLIST_FILE = "Industrial Builder/Info.plist";
				INFOPLIST_KEY_CFBundleDisplayName = "Industrial Builder";
				"INFOPLIST_KEY_UIApplicationSceneManifest_Generation[sdk=iphoneos*]" = YES;
				"INFOPLIST_KEY_UIApplicationSceneManifest_Generation[sdk=iphonesimulator*]" = YES;
				"INFOPLIST_KEY_UIApplicationSupportsIndirectInputEvents[sdk=iphoneos*]" = YES;
				"INFOPLIST_KEY_UIApplicationSupportsIndirectInputEvents[sdk=iphonesimulator*]" = YES;
				"INFOPLIST_KEY_UILaunchScreen_Generation[sdk=iphoneos*]" = YES;
				"INFOPLIST_KEY_UILaunchScreen_Generation[sdk=iphonesimulator*]" = YES;
				"INFOPLIST_KEY_UIStatusBarStyle[sdk=iphoneos*]" = UIStatusBarStyleDefault;
				"INFOPLIST_KEY_UIStatusBarStyle[sdk=iphonesimulator*]" = UIStatusBarStyleDefault;
				INFOPLIST_KEY_UISupportedInterfaceOrientations_iPad = "UIInterfaceOrientationPortrait UIInterfaceOrientationPortraitUpsideDown UIInterfaceOrientationLandscapeLeft UIInterfaceOrientationLandscapeRight";
				INFOPLIST_KEY_UISupportedInterfaceOrientations_iPhone = "UIInterfaceOrientationPortrait UIInterfaceOrientationLandscapeLeft UIInterfaceOrientationLandscapeRight";
				"INFOPLIST_KEY_UISupportsDocumentBrowser[sdk=iphoneos*]" = YES;
				"INFOPLIST_KEY_UISupportsDocumentBrowser[sdk=iphonesimulator*]" = YES;
				IPHONEOS_DEPLOYMENT_TARGET = 17.0;
				LD_RUNPATH_SEARCH_PATHS = "@executable_path/Frameworks";
				"LD_RUNPATH_SEARCH_PATHS[sdk=macosx*]" = "@executable_path/../Frameworks";
				MACOSX_DEPLOYMENT_TARGET = 14.0;
				MARKETING_VERSION = 1.0.0;
				PRODUCT_BUNDLE_IDENTIFIER = celadon.IndustrialBuilder;
				PRODUCT_NAME = "$(TARGET_NAME)";
				SDKROOT = auto;
				SUPPORTED_PLATFORMS = "iphoneos iphonesimulator macosx xros xrsimulator";
				SUPPORTS_MACCATALYST = NO;
				SWIFT_EMIT_LOC_STRINGS = YES;
				SWIFT_VERSION = 5.0;
				TARGETED_DEVICE_FAMILY = "1,2,7";
			};
			name = Debug;
		};
		6289FCD72AD0398300BB7F5E /* Release */ = {
			isa = XCBuildConfiguration;
			buildSettings = {
				ASSETCATALOG_COMPILER_APPICON_NAME = AppIcon;
				ASSETCATALOG_COMPILER_GLOBAL_ACCENT_COLOR_NAME = AccentColor;
				CODE_SIGN_ENTITLEMENTS = "Industrial Builder/Industrial_Builder.entitlements";
				CODE_SIGN_STYLE = Automatic;
				CURRENT_PROJECT_VERSION = 1;
				DEVELOPMENT_ASSET_PATHS = "\"Industrial Builder/Preview Content\"";
				DEVELOPMENT_TEAM = 6T64H9365J;
				ENABLE_HARDENED_RUNTIME = YES;
				ENABLE_PREVIEWS = YES;
				GENERATE_INFOPLIST_FILE = YES;
				INFOPLIST_FILE = "Industrial Builder/Info.plist";
				INFOPLIST_KEY_CFBundleDisplayName = "Industrial Builder";
				"INFOPLIST_KEY_UIApplicationSceneManifest_Generation[sdk=iphoneos*]" = YES;
				"INFOPLIST_KEY_UIApplicationSceneManifest_Generation[sdk=iphonesimulator*]" = YES;
				"INFOPLIST_KEY_UIApplicationSupportsIndirectInputEvents[sdk=iphoneos*]" = YES;
				"INFOPLIST_KEY_UIApplicationSupportsIndirectInputEvents[sdk=iphonesimulator*]" = YES;
				"INFOPLIST_KEY_UILaunchScreen_Generation[sdk=iphoneos*]" = YES;
				"INFOPLIST_KEY_UILaunchScreen_Generation[sdk=iphonesimulator*]" = YES;
				"INFOPLIST_KEY_UIStatusBarStyle[sdk=iphoneos*]" = UIStatusBarStyleDefault;
				"INFOPLIST_KEY_UIStatusBarStyle[sdk=iphonesimulator*]" = UIStatusBarStyleDefault;
				INFOPLIST_KEY_UISupportedInterfaceOrientations_iPad = "UIInterfaceOrientationPortrait UIInterfaceOrientationPortraitUpsideDown UIInterfaceOrientationLandscapeLeft UIInterfaceOrientationLandscapeRight";
				INFOPLIST_KEY_UISupportedInterfaceOrientations_iPhone = "UIInterfaceOrientationPortrait UIInterfaceOrientationLandscapeLeft UIInterfaceOrientationLandscapeRight";
				"INFOPLIST_KEY_UISupportsDocumentBrowser[sdk=iphoneos*]" = YES;
				"INFOPLIST_KEY_UISupportsDocumentBrowser[sdk=iphonesimulator*]" = YES;
				IPHONEOS_DEPLOYMENT_TARGET = 17.0;
				LD_RUNPATH_SEARCH_PATHS = "@executable_path/Frameworks";
				"LD_RUNPATH_SEARCH_PATHS[sdk=macosx*]" = "@executable_path/../Frameworks";
				MACOSX_DEPLOYMENT_TARGET = 14.0;
				MARKETING_VERSION = 1.0.0;
				PRODUCT_BUNDLE_IDENTIFIER = celadon.IndustrialBuilder;
				PRODUCT_NAME = "$(TARGET_NAME)";
				SDKROOT = auto;
				SUPPORTED_PLATFORMS = "iphoneos iphonesimulator macosx xros xrsimulator";
				SUPPORTS_MACCATALYST = NO;
				SWIFT_EMIT_LOC_STRINGS = YES;
				SWIFT_VERSION = 5.0;
				TARGETED_DEVICE_FAMILY = "1,2,7";
			};
			name = Release;
		};
/* End XCBuildConfiguration section */

/* Begin XCConfigurationList section */
		6289FCBE2AD0398100BB7F5E /* Build configuration list for PBXProject "Industrial Builder" */ = {
			isa = XCConfigurationList;
			buildConfigurations = (
				6289FCD32AD0398300BB7F5E /* Debug */,
				6289FCD42AD0398300BB7F5E /* Release */,
			);
			defaultConfigurationIsVisible = 0;
			defaultConfigurationName = Release;
		};
		6289FCD52AD0398300BB7F5E /* Build configuration list for PBXNativeTarget "Industrial Builder" */ = {
			isa = XCConfigurationList;
			buildConfigurations = (
				6289FCD62AD0398300BB7F5E /* Debug */,
				6289FCD72AD0398300BB7F5E /* Release */,
			);
			defaultConfigurationIsVisible = 0;
			defaultConfigurationName = Release;
		};
/* End XCConfigurationList section */

/* Begin XCRemoteSwiftPackageReference section */
		628E14502AD73C0400BC8FD9 /* XCRemoteSwiftPackageReference "IndustrialKit" */ = {
			isa = XCRemoteSwiftPackageReference;
			repositoryURL = "https://github.com/MalkarovPark/IndustrialKit";
			requirement = {
				branch = main;
				kind = branch;
			};
		};
/* End XCRemoteSwiftPackageReference section */

/* Begin XCSwiftPackageProductDependency section */
		628E14512AD73C0400BC8FD9 /* IndustrialKit */ = {
			isa = XCSwiftPackageProductDependency;
			package = 628E14502AD73C0400BC8FD9 /* XCRemoteSwiftPackageReference "IndustrialKit" */;
			productName = IndustrialKit;
		};
/* End XCSwiftPackageProductDependency section */
	};
	rootObject = 6289FCBB2AD0398100BB7F5E /* Project object */;
}
