// !$*UTF8*$!
{
	archiveVersion = 1;
	classes = {
	};
	objectVersion = 56;
	objects = {

/* Begin PBXBuildFile section */
		623D72482ADAFD8500927DEA /* ModelView.swift in Sources */ = {isa = PBXBuildFile; fileRef = 623D72472ADAFD8500927DEA /* ModelView.swift */; };
		6255B9202B9BDC86002B575C /* Framers.swift in Sources */ = {isa = PBXBuildFile; fileRef = 6255B91F2B9BDC86002B575C /* Framers.swift */; };
		627D3EBF2AD3F61400D5988D /* PackageView.swift in Sources */ = {isa = PBXBuildFile; fileRef = 627D3EBE2AD3F61400D5988D /* PackageView.swift */; };
		627D3EC12AD42A0800D5988D /* GalleryView.swift in Sources */ = {isa = PBXBuildFile; fileRef = 627D3EC02AD42A0800D5988D /* GalleryView.swift */; };
		6289FCC72AD0398100BB7F5E /* Industrial_BuilderApp.swift in Sources */ = {isa = PBXBuildFile; fileRef = 6289FCC62AD0398100BB7F5E /* Industrial_BuilderApp.swift */; };
		6289FCC92AD0398100BB7F5E /* ContentView.swift in Sources */ = {isa = PBXBuildFile; fileRef = 6289FCC82AD0398100BB7F5E /* ContentView.swift */; };
		6289FCCD2AD0398300BB7F5E /* Assets.xcassets in Resources */ = {isa = PBXBuildFile; fileRef = 6289FCCC2AD0398300BB7F5E /* Assets.xcassets */; };
		6289FCD22AD0398300BB7F5E /* Preview Assets.xcassets in Resources */ = {isa = PBXBuildFile; fileRef = 6289FCD12AD0398300BB7F5E /* Preview Assets.xcassets */; };
		6289FCF82AD1EBAE00BB7F5E /* STCDocument.swift in Sources */ = {isa = PBXBuildFile; fileRef = 6289FCF62AD1EB2600BB7F5E /* STCDocument.swift */; };
		628BB4192ADD403200825BBF /* StandardTemplateConstruct.swift in Sources */ = {isa = PBXBuildFile; fileRef = 628BB4182ADD403200825BBF /* StandardTemplateConstruct.swift */; };
		628E14522AD73C0400BC8FD9 /* IndustrialKit in Frameworks */ = {isa = PBXBuildFile; productRef = 628E14512AD73C0400BC8FD9 /* IndustrialKit */; };
		628E14542AD7E44C00BC8FD9 /* ChangerModulesEditor.swift in Sources */ = {isa = PBXBuildFile; fileRef = 628E14532AD7E44C00BC8FD9 /* ChangerModulesEditor.swift */; };
		628E14562AD8AAF400BC8FD9 /* BuildView.swift in Sources */ = {isa = PBXBuildFile; fileRef = 628E14552AD8AAF400BC8FD9 /* BuildView.swift */; };
		628E14582AD8ADCC00BC8FD9 /* RobotModulesEditor.swift in Sources */ = {isa = PBXBuildFile; fileRef = 628E14572AD8ADCC00BC8FD9 /* RobotModulesEditor.swift */; };
		628E145A2AD8ADE100BC8FD9 /* ToolModulesEditor.swift in Sources */ = {isa = PBXBuildFile; fileRef = 628E14592AD8ADE100BC8FD9 /* ToolModulesEditor.swift */; };
		6296D28A2AEC55580094FB19 /* Cards.swift in Sources */ = {isa = PBXBuildFile; fileRef = 6296D2892AEC55580094FB19 /* Cards.swift */; };
		6296D2AA2AED6E290094FB19 /* AppState.swift in Sources */ = {isa = PBXBuildFile; fileRef = 6296D2A92AED6E290094FB19 /* AppState.swift */; };
		6296D2AE2AED9C2C0094FB19 /* 6DOFController.swift in Sources */ = {isa = PBXBuildFile; fileRef = 6296D2AC2AED9C2C0094FB19 /* 6DOFController.swift */; };
		6296D2AF2AED9C2C0094FB19 /* PortalController.swift in Sources */ = {isa = PBXBuildFile; fileRef = 6296D2AD2AED9C2C0094FB19 /* PortalController.swift */; };
		629B526A2AF68902003F45D2 /* ModelSelectorView.swift in Sources */ = {isa = PBXBuildFile; fileRef = 629B52692AF68902003F45D2 /* ModelSelectorView.swift */; };
		629B526C2AF69056003F45D2 /* ModelsListView.swift in Sources */ = {isa = PBXBuildFile; fileRef = 629B526B2AF69056003F45D2 /* ModelsListView.swift */; };
		62AE552E2AE7086B00554A5B /* KinematicEditorView.swift in Sources */ = {isa = PBXBuildFile; fileRef = 62AE552D2AE7086B00554A5B /* KinematicEditorView.swift */; };
		62AE55302AE962CA00554A5B /* ComponentsView.swift in Sources */ = {isa = PBXBuildFile; fileRef = 62AE552F2AE962CA00554A5B /* ComponentsView.swift */; };
		62AE55322AE96B3D00554A5B /* KinematicsListView.swift in Sources */ = {isa = PBXBuildFile; fileRef = 62AE55312AE96B3D00554A5B /* KinematicsListView.swift */; };
		62AE55342AE99FE300554A5B /* KinematicComponents.scnassets in Resources */ = {isa = PBXBuildFile; fileRef = 62AE55332AE99FE300554A5B /* KinematicComponents.scnassets */; };
		62E243832B9381EC009C76EB /* ListBorderer.swift in Sources */ = {isa = PBXBuildFile; fileRef = 62E243822B9381EC009C76EB /* ListBorderer.swift */; };
/* End PBXBuildFile section */

/* Begin PBXFileReference section */
		623D72472ADAFD8500927DEA /* ModelView.swift */ = {isa = PBXFileReference; lastKnownFileType = sourcecode.swift; path = ModelView.swift; sourceTree = "<group>"; };
		6255B91F2B9BDC86002B575C /* Framers.swift */ = {isa = PBXFileReference; lastKnownFileType = sourcecode.swift; path = Framers.swift; sourceTree = "<group>"; };
		627D3EBE2AD3F61400D5988D /* PackageView.swift */ = {isa = PBXFileReference; lastKnownFileType = sourcecode.swift; path = PackageView.swift; sourceTree = "<group>"; };
		627D3EC02AD42A0800D5988D /* GalleryView.swift */ = {isa = PBXFileReference; lastKnownFileType = sourcecode.swift; path = GalleryView.swift; sourceTree = "<group>"; };
		6289FCC32AD0398100BB7F5E /* Industrial Builder.app */ = {isa = PBXFileReference; explicitFileType = wrapper.application; includeInIndex = 0; path = "Industrial Builder.app"; sourceTree = BUILT_PRODUCTS_DIR; };
		6289FCC62AD0398100BB7F5E /* Industrial_BuilderApp.swift */ = {isa = PBXFileReference; lastKnownFileType = sourcecode.swift; path = Industrial_BuilderApp.swift; sourceTree = "<group>"; };
		6289FCC82AD0398100BB7F5E /* ContentView.swift */ = {isa = PBXFileReference; lastKnownFileType = sourcecode.swift; path = ContentView.swift; sourceTree = "<group>"; };
		6289FCCC2AD0398300BB7F5E /* Assets.xcassets */ = {isa = PBXFileReference; lastKnownFileType = folder.assetcatalog; path = Assets.xcassets; sourceTree = "<group>"; };
		6289FCCE2AD0398300BB7F5E /* Info.plist */ = {isa = PBXFileReference; lastKnownFileType = text.plist.xml; path = Info.plist; sourceTree = "<group>"; };
		6289FCCF2AD0398300BB7F5E /* Industrial_Builder.entitlements */ = {isa = PBXFileReference; lastKnownFileType = text.plist.entitlements; path = Industrial_Builder.entitlements; sourceTree = "<group>"; };
		6289FCD12AD0398300BB7F5E /* Preview Assets.xcassets */ = {isa = PBXFileReference; lastKnownFileType = folder.assetcatalog; path = "Preview Assets.xcassets"; sourceTree = "<group>"; };
		6289FCF62AD1EB2600BB7F5E /* STCDocument.swift */ = {isa = PBXFileReference; lastKnownFileType = sourcecode.swift; path = STCDocument.swift; sourceTree = "<group>"; };
		628BB4182ADD403200825BBF /* StandardTemplateConstruct.swift */ = {isa = PBXFileReference; lastKnownFileType = sourcecode.swift; path = StandardTemplateConstruct.swift; sourceTree = "<group>"; };
		628E14532AD7E44C00BC8FD9 /* ChangerModulesEditor.swift */ = {isa = PBXFileReference; lastKnownFileType = sourcecode.swift; path = ChangerModulesEditor.swift; sourceTree = "<group>"; };
		628E14552AD8AAF400BC8FD9 /* BuildView.swift */ = {isa = PBXFileReference; lastKnownFileType = sourcecode.swift; path = BuildView.swift; sourceTree = "<group>"; };
		628E14572AD8ADCC00BC8FD9 /* RobotModulesEditor.swift */ = {isa = PBXFileReference; lastKnownFileType = sourcecode.swift; path = RobotModulesEditor.swift; sourceTree = "<group>"; };
		628E14592AD8ADE100BC8FD9 /* ToolModulesEditor.swift */ = {isa = PBXFileReference; lastKnownFileType = sourcecode.swift; path = ToolModulesEditor.swift; sourceTree = "<group>"; };
		6296D2892AEC55580094FB19 /* Cards.swift */ = {isa = PBXFileReference; lastKnownFileType = sourcecode.swift; path = Cards.swift; sourceTree = "<group>"; };
		6296D2A92AED6E290094FB19 /* AppState.swift */ = {isa = PBXFileReference; lastKnownFileType = sourcecode.swift; path = AppState.swift; sourceTree = "<group>"; };
		6296D2AC2AED9C2C0094FB19 /* 6DOFController.swift */ = {isa = PBXFileReference; fileEncoding = 4; lastKnownFileType = sourcecode.swift; path = 6DOFController.swift; sourceTree = "<group>"; };
		6296D2AD2AED9C2C0094FB19 /* PortalController.swift */ = {isa = PBXFileReference; fileEncoding = 4; lastKnownFileType = sourcecode.swift; path = PortalController.swift; sourceTree = "<group>"; };
		629B52692AF68902003F45D2 /* ModelSelectorView.swift */ = {isa = PBXFileReference; lastKnownFileType = sourcecode.swift; path = ModelSelectorView.swift; sourceTree = "<group>"; };
		629B526B2AF69056003F45D2 /* ModelsListView.swift */ = {isa = PBXFileReference; lastKnownFileType = sourcecode.swift; path = ModelsListView.swift; sourceTree = "<group>"; };
		62AE552D2AE7086B00554A5B /* KinematicEditorView.swift */ = {isa = PBXFileReference; lastKnownFileType = sourcecode.swift; path = KinematicEditorView.swift; sourceTree = "<group>"; };
		62AE552F2AE962CA00554A5B /* ComponentsView.swift */ = {isa = PBXFileReference; lastKnownFileType = sourcecode.swift; path = ComponentsView.swift; sourceTree = "<group>"; };
		62AE55312AE96B3D00554A5B /* KinematicsListView.swift */ = {isa = PBXFileReference; lastKnownFileType = sourcecode.swift; path = KinematicsListView.swift; sourceTree = "<group>"; };
		62AE55332AE99FE300554A5B /* KinematicComponents.scnassets */ = {isa = PBXFileReference; lastKnownFileType = wrapper.scnassets; path = KinematicComponents.scnassets; sourceTree = "<group>"; };
		62E243822B9381EC009C76EB /* ListBorderer.swift */ = {isa = PBXFileReference; lastKnownFileType = sourcecode.swift; path = ListBorderer.swift; sourceTree = "<group>"; };
/* End PBXFileReference section */

/* Begin PBXFrameworksBuildPhase section */
		6289FCC02AD0398100BB7F5E /* Frameworks */ = {
			isa = PBXFrameworksBuildPhase;
			buildActionMask = 2147483647;
			files = (
				628E14522AD73C0400BC8FD9 /* IndustrialKit in Frameworks */,
			);
			runOnlyForDeploymentPostprocessing = 0;
		};
/* End PBXFrameworksBuildPhase section */

/* Begin PBXGroup section */
		6255B91E2B9BDC34002B575C /* ViewModifiers */ = {
			isa = PBXGroup;
			children = (
				6255B91F2B9BDC86002B575C /* Framers.swift */,
				62E243822B9381EC009C76EB /* ListBorderer.swift */,
			);
			path = ViewModifiers;
			sourceTree = "<group>";
		};
		6255B9212B9D242F002B575C /* IMABuilder */ = {
			isa = PBXGroup;
			children = (
				628E14532AD7E44C00BC8FD9 /* ChangerModulesEditor.swift */,
			);
			path = IMABuilder;
			sourceTree = "<group>";
		};
		6255B9222B9D26AA002B575C /* ObjectBuilder */ = {
			isa = PBXGroup;
			children = (
				628E14572AD8ADCC00BC8FD9 /* RobotModulesEditor.swift */,
				628E14592AD8ADE100BC8FD9 /* ToolModulesEditor.swift */,
			);
			path = ObjectBuilder;
			sourceTree = "<group>";
		};
		627D3EBD2AD3F5EF00D5988D /* Views */ = {
			isa = PBXGroup;
			children = (
				6289FCC82AD0398100BB7F5E /* ContentView.swift */,
				627D3EBE2AD3F61400D5988D /* PackageView.swift */,
				627D3EC02AD42A0800D5988D /* GalleryView.swift */,
				62AE552F2AE962CA00554A5B /* ComponentsView.swift */,
				628E14552AD8AAF400BC8FD9 /* BuildView.swift */,
				6296D2892AEC55580094FB19 /* Cards.swift */,
			);
			path = Views;
			sourceTree = "<group>";
		};
		6289FCBA2AD0398100BB7F5E = {
			isa = PBXGroup;
			children = (
				6289FCC52AD0398100BB7F5E /* Industrial Builder */,
				6289FCC42AD0398100BB7F5E /* Products */,
			);
			sourceTree = "<group>";
		};
		6289FCC42AD0398100BB7F5E /* Products */ = {
			isa = PBXGroup;
			children = (
				6289FCC32AD0398100BB7F5E /* Industrial Builder.app */,
			);
			name = Products;
			sourceTree = "<group>";
		};
		6289FCC52AD0398100BB7F5E /* Industrial Builder */ = {
			isa = PBXGroup;
			children = (
				62AE55292AE7079100554A5B /* Utilites */,
				627D3EBD2AD3F5EF00D5988D /* Views */,
				6255B91E2B9BDC34002B575C /* ViewModifiers */,
				6289FCC62AD0398100BB7F5E /* Industrial_BuilderApp.swift */,
				6289FCF62AD1EB2600BB7F5E /* STCDocument.swift */,
				628BB4182ADD403200825BBF /* StandardTemplateConstruct.swift */,
				6296D2A92AED6E290094FB19 /* AppState.swift */,
				6289FCCC2AD0398300BB7F5E /* Assets.xcassets */,
				6289FCCE2AD0398300BB7F5E /* Info.plist */,
				6289FCCF2AD0398300BB7F5E /* Industrial_Builder.entitlements */,
				6289FCD02AD0398300BB7F5E /* Preview Content */,
			);
			path = "Industrial Builder";
			sourceTree = "<group>";
		};
		6289FCD02AD0398300BB7F5E /* Preview Content */ = {
			isa = PBXGroup;
			children = (
				6289FCD12AD0398300BB7F5E /* Preview Assets.xcassets */,
			);
			path = "Preview Content";
			sourceTree = "<group>";
		};
		6296D2AB2AED9BDD0094FB19 /* ModelControllers */ = {
			isa = PBXGroup;
			children = (
				6296D2AC2AED9C2C0094FB19 /* 6DOFController.swift */,
				6296D2AD2AED9C2C0094FB19 /* PortalController.swift */,
			);
			path = ModelControllers;
			sourceTree = "<group>";
		};
		629B52682AF6887D003F45D2 /* ModelViewer */ = {
			isa = PBXGroup;
			children = (
				623D72472ADAFD8500927DEA /* ModelView.swift */,
				629B52692AF68902003F45D2 /* ModelSelectorView.swift */,
				629B526B2AF69056003F45D2 /* ModelsListView.swift */,
			);
			path = ModelViewer;
			sourceTree = "<group>";
		};
		62AE55292AE7079100554A5B /* Utilites */ = {
			isa = PBXGroup;
			children = (
				6255B9222B9D26AA002B575C /* ObjectBuilder */,
				629B52682AF6887D003F45D2 /* ModelViewer */,
				62AE552C2AE707CF00554A5B /* KinematicBuilder */,
				6255B9212B9D242F002B575C /* IMABuilder */,
			);
			path = Utilites;
			sourceTree = "<group>";
		};
		62AE552C2AE707CF00554A5B /* KinematicBuilder */ = {
			isa = PBXGroup;
			children = (
				6296D2AB2AED9BDD0094FB19 /* ModelControllers */,
				62AE55312AE96B3D00554A5B /* KinematicsListView.swift */,
				62AE552D2AE7086B00554A5B /* KinematicEditorView.swift */,
				62AE55332AE99FE300554A5B /* KinematicComponents.scnassets */,
			);
			path = KinematicBuilder;
			sourceTree = "<group>";
		};
/* End PBXGroup section */

/* Begin PBXNativeTarget section */
		6289FCC22AD0398100BB7F5E /* Industrial Builder */ = {
			isa = PBXNativeTarget;
			buildConfigurationList = 6289FCD52AD0398300BB7F5E /* Build configuration list for PBXNativeTarget "Industrial Builder" */;
			buildPhases = (
				6289FCBF2AD0398100BB7F5E /* Sources */,
				6289FCC02AD0398100BB7F5E /* Frameworks */,
				6289FCC12AD0398100BB7F5E /* Resources */,
			);
			buildRules = (
			);
			dependencies = (
			);
			name = "Industrial Builder";
			packageProductDependencies = (
				628E14512AD73C0400BC8FD9 /* IndustrialKit */,
			);
			productName = "Industrial Builder";
			productReference = 6289FCC32AD0398100BB7F5E /* Industrial Builder.app */;
			productType = "com.apple.product-type.application";
		};
/* End PBXNativeTarget section */

/* Begin PBXProject section */
		6289FCBB2AD0398100BB7F5E /* Project object */ = {
			isa = PBXProject;
			attributes = {
				BuildIndependentTargetsInParallel = 1;
				LastSwiftUpdateCheck = 1510;
				LastUpgradeCheck = 1510;
				TargetAttributes = {
					6289FCC22AD0398100BB7F5E = {
						CreatedOnToolsVersion = 15.1;
					};
				};
			};
			buildConfigurationList = 6289FCBE2AD0398100BB7F5E /* Build configuration list for PBXProject "Industrial Builder" */;
			compatibilityVersion = "Xcode 14.0";
			developmentRegion = en;
			hasScannedForEncodings = 0;
			knownRegions = (
				en,
				Base,
			);
			mainGroup = 6289FCBA2AD0398100BB7F5E;
			packageReferences = (
				628E14502AD73C0400BC8FD9 /* XCRemoteSwiftPackageReference "IndustrialKit" */,
			);
			productRefGroup = 6289FCC42AD0398100BB7F5E /* Products */;
			projectDirPath = "";
			projectRoot = "";
			targets = (
				6289FCC22AD0398100BB7F5E /* Industrial Builder */,
			);
		};
/* End PBXProject section */

/* Begin PBXResourcesBuildPhase section */
		6289FCC12AD0398100BB7F5E /* Resources */ = {
			isa = PBXResourcesBuildPhase;
			buildActionMask = 2147483647;
			files = (
				6289FCD22AD0398300BB7F5E /* Preview Assets.xcassets in Resources */,
				6289FCCD2AD0398300BB7F5E /* Assets.xcassets in Resources */,
				62AE55342AE99FE300554A5B /* KinematicComponents.scnassets in Resources */,
			);
			runOnlyForDeploymentPostprocessing = 0;
		};
/* End PBXResourcesBuildPhase section */

/* Begin PBXSourcesBuildPhase section */
		6289FCBF2AD0398100BB7F5E /* Sources */ = {
			isa = PBXSourcesBuildPhase;
			buildActionMask = 2147483647;
			files = (
				62AE55322AE96B3D00554A5B /* KinematicsListView.swift in Sources */,
				6289FCC92AD0398100BB7F5E /* ContentView.swift in Sources */,
				628E14562AD8AAF400BC8FD9 /* BuildView.swift in Sources */,
				6296D28A2AEC55580094FB19 /* Cards.swift in Sources */,
				6296D2AE2AED9C2C0094FB19 /* 6DOFController.swift in Sources */,
				628E14582AD8ADCC00BC8FD9 /* RobotModulesEditor.swift in Sources */,
				62AE552E2AE7086B00554A5B /* KinematicEditorView.swift in Sources */,
				629B526A2AF68902003F45D2 /* ModelSelectorView.swift in Sources */,
				6296D2AA2AED6E290094FB19 /* AppState.swift in Sources */,
				62AE55302AE962CA00554A5B /* ComponentsView.swift in Sources */,
				6289FCF82AD1EBAE00BB7F5E /* STCDocument.swift in Sources */,
				6255B9202B9BDC86002B575C /* Framers.swift in Sources */,
				628E145A2AD8ADE100BC8FD9 /* ToolModulesEditor.swift in Sources */,
				623D72482ADAFD8500927DEA /* ModelView.swift in Sources */,
				6296D2AF2AED9C2C0094FB19 /* PortalController.swift in Sources */,
				6289FCC72AD0398100BB7F5E /* Industrial_BuilderApp.swift in Sources */,
				628BB4192ADD403200825BBF /* StandardTemplateConstruct.swift in Sources */,
				629B526C2AF69056003F45D2 /* ModelsListView.swift in Sources */,
				627D3EBF2AD3F61400D5988D /* PackageView.swift in Sources */,
				627D3EC12AD42A0800D5988D /* GalleryView.swift in Sources */,
				62E243832B9381EC009C76EB /* ListBorderer.swift in Sources */,
				628E14542AD7E44C00BC8FD9 /* ChangerModulesEditor.swift in Sources */,
			);
			runOnlyForDeploymentPostprocessing = 0;
		};
/* End PBXSourcesBuildPhase section */

/* Begin XCBuildConfiguration section */
		6289FCD32AD0398300BB7F5E /* Debug */ = {
			isa = XCBuildConfiguration;
			buildSettings = {
				ALWAYS_SEARCH_USER_PATHS = NO;
				ASSETCATALOG_COMPILER_GENERATE_SWIFT_ASSET_SYMBOL_EXTENSIONS = YES;
				CLANG_ANALYZER_NONNULL = YES;
				CLANG_ANALYZER_NUMBER_OBJECT_CONVERSION = YES_AGGRESSIVE;
				CLANG_CXX_LANGUAGE_STANDARD = "gnu++20";
				CLANG_ENABLE_MODULES = YES;
				CLANG_ENABLE_OBJC_ARC = YES;
				CLANG_ENABLE_OBJC_WEAK = YES;
				CLANG_WARN_BLOCK_CAPTURE_AUTORELEASING = YES;
				CLANG_WARN_BOOL_CONVERSION = YES;
				CLANG_WARN_COMMA = YES;
				CLANG_WARN_CONSTANT_CONVERSION = YES;
				CLANG_WARN_DEPRECATED_OBJC_IMPLEMENTATIONS = YES;
				CLANG_WARN_DIRECT_OBJC_ISA_USAGE = YES_ERROR;
				CLANG_WARN_DOCUMENTATION_COMMENTS = YES;
				CLANG_WARN_EMPTY_BODY = YES;
				CLANG_WARN_ENUM_CONVERSION = YES;
				CLANG_WARN_INFINITE_RECURSION = YES;
				CLANG_WARN_INT_CONVERSION = YES;
				CLANG_WARN_NON_LITERAL_NULL_CONVERSION = YES;
				CLANG_WARN_OBJC_IMPLICIT_RETAIN_SELF = YES;
				CLANG_WARN_OBJC_LITERAL_CONVERSION = YES;
				CLANG_WARN_OBJC_ROOT_CLASS = YES_ERROR;
				CLANG_WARN_QUOTED_INCLUDE_IN_FRAMEWORK_HEADER = YES;
				CLANG_WARN_RANGE_LOOP_ANALYSIS = YES;
				CLANG_WARN_STRICT_PROTOTYPES = YES;
				CLANG_WARN_SUSPICIOUS_MOVE = YES;
				CLANG_WARN_UNGUARDED_AVAILABILITY = YES_AGGRESSIVE;
				CLANG_WARN_UNREACHABLE_CODE = YES;
				CLANG_WARN__DUPLICATE_METHOD_MATCH = YES;
				COPY_PHASE_STRIP = NO;
				DEBUG_INFORMATION_FORMAT = dwarf;
				ENABLE_STRICT_OBJC_MSGSEND = YES;
				ENABLE_TESTABILITY = YES;
				ENABLE_USER_SCRIPT_SANDBOXING = YES;
				GCC_C_LANGUAGE_STANDARD = gnu17;
				GCC_DYNAMIC_NO_PIC = NO;
				GCC_NO_COMMON_BLOCKS = YES;
				GCC_OPTIMIZATION_LEVEL = 0;
				GCC_PREPROCESSOR_DEFINITIONS = (
					"DEBUG=1",
					"$(inherited)",
				);
				GCC_WARN_64_TO_32_BIT_CONVERSION = YES;
				GCC_WARN_ABOUT_RETURN_TYPE = YES_ERROR;
				GCC_WARN_UNDECLARED_SELECTOR = YES;
				GCC_WARN_UNINITIALIZED_AUTOS = YES_AGGRESSIVE;
				GCC_WARN_UNUSED_FUNCTION = YES;
				GCC_WARN_UNUSED_VARIABLE = YES;
				LOCALIZATION_PREFERS_STRING_CATALOGS = YES;
				MTL_ENABLE_DEBUG_INFO = INCLUDE_SOURCE;
				MTL_FAST_MATH = YES;
				ONLY_ACTIVE_ARCH = YES;
				SWIFT_ACTIVE_COMPILATION_CONDITIONS = "DEBUG $(inherited)";
				SWIFT_OPTIMIZATION_LEVEL = "-Onone";
			};
			name = Debug;
		};
		6289FCD42AD0398300BB7F5E /* Release */ = {
			isa = XCBuildConfiguration;
			buildSettings = {
				ALWAYS_SEARCH_USER_PATHS = NO;
				ASSETCATALOG_COMPILER_GENERATE_SWIFT_ASSET_SYMBOL_EXTENSIONS = YES;
				CLANG_ANALYZER_NONNULL = YES;
				CLANG_ANALYZER_NUMBER_OBJECT_CONVERSION = YES_AGGRESSIVE;
				CLANG_CXX_LANGUAGE_STANDARD = "gnu++20";
				CLANG_ENABLE_MODULES = YES;
				CLANG_ENABLE_OBJC_ARC = YES;
				CLANG_ENABLE_OBJC_WEAK = YES;
				CLANG_WARN_BLOCK_CAPTURE_AUTORELEASING = YES;
				CLANG_WARN_BOOL_CONVERSION = YES;
				CLANG_WARN_COMMA = YES;
				CLANG_WARN_CONSTANT_CONVERSION = YES;
				CLANG_WARN_DEPRECATED_OBJC_IMPLEMENTATIONS = YES;
				CLANG_WARN_DIRECT_OBJC_ISA_USAGE = YES_ERROR;
				CLANG_WARN_DOCUMENTATION_COMMENTS = YES;
				CLANG_WARN_EMPTY_BODY = YES;
				CLANG_WARN_ENUM_CONVERSION = YES;
				CLANG_WARN_INFINITE_RECURSION = YES;
				CLANG_WARN_INT_CONVERSION = YES;
				CLANG_WARN_NON_LITERAL_NULL_CONVERSION = YES;
				CLANG_WARN_OBJC_IMPLICIT_RETAIN_SELF = YES;
				CLANG_WARN_OBJC_LITERAL_CONVERSION = YES;
				CLANG_WARN_OBJC_ROOT_CLASS = YES_ERROR;
				CLANG_WARN_QUOTED_INCLUDE_IN_FRAMEWORK_HEADER = YES;
				CLANG_WARN_RANGE_LOOP_ANALYSIS = YES;
				CLANG_WARN_STRICT_PROTOTYPES = YES;
				CLANG_WARN_SUSPICIOUS_MOVE = YES;
				CLANG_WARN_UNGUARDED_AVAILABILITY = YES_AGGRESSIVE;
				CLANG_WARN_UNREACHABLE_CODE = YES;
				CLANG_WARN__DUPLICATE_METHOD_MATCH = YES;
				COPY_PHASE_STRIP = NO;
				DEBUG_INFORMATION_FORMAT = "dwarf-with-dsym";
				ENABLE_NS_ASSERTIONS = NO;
				ENABLE_STRICT_OBJC_MSGSEND = YES;
				ENABLE_USER_SCRIPT_SANDBOXING = YES;
				GCC_C_LANGUAGE_STANDARD = gnu17;
				GCC_NO_COMMON_BLOCKS = YES;
				GCC_WARN_64_TO_32_BIT_CONVERSION = YES;
				GCC_WARN_ABOUT_RETURN_TYPE = YES_ERROR;
				GCC_WARN_UNDECLARED_SELECTOR = YES;
				GCC_WARN_UNINITIALIZED_AUTOS = YES_AGGRESSIVE;
				GCC_WARN_UNUSED_FUNCTION = YES;
				GCC_WARN_UNUSED_VARIABLE = YES;
				LOCALIZATION_PREFERS_STRING_CATALOGS = YES;
				MTL_ENABLE_DEBUG_INFO = NO;
				MTL_FAST_MATH = YES;
				SWIFT_COMPILATION_MODE = wholemodule;
			};
			name = Release;
		};
		6289FCD62AD0398300BB7F5E /* Debug */ = {
			isa = XCBuildConfiguration;
			buildSettings = {
				ASSETCATALOG_COMPILER_APPICON_NAME = AppIcon;
				ASSETCATALOG_COMPILER_GLOBAL_ACCENT_COLOR_NAME = AccentColor;
				CODE_SIGN_ENTITLEMENTS = "Industrial Builder/Industrial_Builder.entitlements";
				CODE_SIGN_STYLE = Automatic;
				CURRENT_PROJECT_VERSION = 1;
				DEVELOPMENT_ASSET_PATHS = "\"Industrial Builder/Preview Content\"";
				DEVELOPMENT_TEAM = 6T64H9365J;
				ENABLE_HARDENED_RUNTIME = YES;
				ENABLE_PREVIEWS = YES;
				GENERATE_INFOPLIST_FILE = YES;
				INFOPLIST_FILE = "Industrial Builder/Info.plist";
				INFOPLIST_KEY_CFBundleDisplayName = "Industrial Builder";
				"INFOPLIST_KEY_UIApplicationSceneManifest_Generation[sdk=iphoneos*]" = YES;
				"INFOPLIST_KEY_UIApplicationSceneManifest_Generation[sdk=iphonesimulator*]" = YES;
				"INFOPLIST_KEY_UIApplicationSupportsIndirectInputEvents[sdk=iphoneos*]" = YES;
				"INFOPLIST_KEY_UIApplicationSupportsIndirectInputEvents[sdk=iphonesimulator*]" = YES;
				"INFOPLIST_KEY_UILaunchScreen_Generation[sdk=iphoneos*]" = YES;
				"INFOPLIST_KEY_UILaunchScreen_Generation[sdk=iphonesimulator*]" = YES;
				"INFOPLIST_KEY_UIStatusBarStyle[sdk=iphoneos*]" = UIStatusBarStyleDefault;
				"INFOPLIST_KEY_UIStatusBarStyle[sdk=iphonesimulator*]" = UIStatusBarStyleDefault;
				INFOPLIST_KEY_UISupportedInterfaceOrientations_iPad = "UIInterfaceOrientationPortrait UIInterfaceOrientationPortraitUpsideDown UIInterfaceOrientationLandscapeLeft UIInterfaceOrientationLandscapeRight";
				INFOPLIST_KEY_UISupportedInterfaceOrientations_iPhone = "UIInterfaceOrientationPortrait UIInterfaceOrientationLandscapeLeft UIInterfaceOrientationLandscapeRight";
				"INFOPLIST_KEY_UISupportsDocumentBrowser[sdk=iphoneos*]" = YES;
				"INFOPLIST_KEY_UISupportsDocumentBrowser[sdk=iphonesimulator*]" = YES;
				IPHONEOS_DEPLOYMENT_TARGET = 17.0;
				LD_RUNPATH_SEARCH_PATHS = "@executable_path/Frameworks";
				"LD_RUNPATH_SEARCH_PATHS[sdk=macosx*]" = "@executable_path/../Frameworks";
				MACOSX_DEPLOYMENT_TARGET = 14.0;
				MARKETING_VERSION = 1.0.0;
				PRODUCT_BUNDLE_IDENTIFIER = celadon.IndustrialBuilder;
				PRODUCT_NAME = "$(TARGET_NAME)";
				SDKROOT = auto;
				SUPPORTED_PLATFORMS = "iphoneos iphonesimulator macosx xros xrsimulator";
				SUPPORTS_MACCATALYST = NO;
				SWIFT_EMIT_LOC_STRINGS = YES;
				SWIFT_VERSION = 5.0;
				TARGETED_DEVICE_FAMILY = "1,2,7";
			};
			name = Debug;
		};
		6289FCD72AD0398300BB7F5E /* Release */ = {
			isa = XCBuildConfiguration;
			buildSettings = {
				ASSETCATALOG_COMPILER_APPICON_NAME = AppIcon;
				ASSETCATALOG_COMPILER_GLOBAL_ACCENT_COLOR_NAME = AccentColor;
				CODE_SIGN_ENTITLEMENTS = "Industrial Builder/Industrial_Builder.entitlements";
				CODE_SIGN_STYLE = Automatic;
				CURRENT_PROJECT_VERSION = 1;
				DEVELOPMENT_ASSET_PATHS = "\"Industrial Builder/Preview Content\"";
				DEVELOPMENT_TEAM = 6T64H9365J;
				ENABLE_HARDENED_RUNTIME = YES;
				ENABLE_PREVIEWS = YES;
				GENERATE_INFOPLIST_FILE = YES;
				INFOPLIST_FILE = "Industrial Builder/Info.plist";
				INFOPLIST_KEY_CFBundleDisplayName = "Industrial Builder";
				"INFOPLIST_KEY_UIApplicationSceneManifest_Generation[sdk=iphoneos*]" = YES;
				"INFOPLIST_KEY_UIApplicationSceneManifest_Generation[sdk=iphonesimulator*]" = YES;
				"INFOPLIST_KEY_UIApplicationSupportsIndirectInputEvents[sdk=iphoneos*]" = YES;
				"INFOPLIST_KEY_UIApplicationSupportsIndirectInputEvents[sdk=iphonesimulator*]" = YES;
				"INFOPLIST_KEY_UILaunchScreen_Generation[sdk=iphoneos*]" = YES;
				"INFOPLIST_KEY_UILaunchScreen_Generation[sdk=iphonesimulator*]" = YES;
				"INFOPLIST_KEY_UIStatusBarStyle[sdk=iphoneos*]" = UIStatusBarStyleDefault;
				"INFOPLIST_KEY_UIStatusBarStyle[sdk=iphonesimulator*]" = UIStatusBarStyleDefault;
				INFOPLIST_KEY_UISupportedInterfaceOrientations_iPad = "UIInterfaceOrientationPortrait UIInterfaceOrientationPortraitUpsideDown UIInterfaceOrientationLandscapeLeft UIInterfaceOrientationLandscapeRight";
				INFOPLIST_KEY_UISupportedInterfaceOrientations_iPhone = "UIInterfaceOrientationPortrait UIInterfaceOrientationLandscapeLeft UIInterfaceOrientationLandscapeRight";
				"INFOPLIST_KEY_UISupportsDocumentBrowser[sdk=iphoneos*]" = YES;
				"INFOPLIST_KEY_UISupportsDocumentBrowser[sdk=iphonesimulator*]" = YES;
				IPHONEOS_DEPLOYMENT_TARGET = 17.0;
				LD_RUNPATH_SEARCH_PATHS = "@executable_path/Frameworks";
				"LD_RUNPATH_SEARCH_PATHS[sdk=macosx*]" = "@executable_path/../Frameworks";
				MACOSX_DEPLOYMENT_TARGET = 14.0;
				MARKETING_VERSION = 1.0.0;
				PRODUCT_BUNDLE_IDENTIFIER = celadon.IndustrialBuilder;
				PRODUCT_NAME = "$(TARGET_NAME)";
				SDKROOT = auto;
				SUPPORTED_PLATFORMS = "iphoneos iphonesimulator macosx xros xrsimulator";
				SUPPORTS_MACCATALYST = NO;
				SWIFT_EMIT_LOC_STRINGS = YES;
				SWIFT_VERSION = 5.0;
				TARGETED_DEVICE_FAMILY = "1,2,7";
			};
			name = Release;
		};
/* End XCBuildConfiguration section */

/* Begin XCConfigurationList section */
		6289FCBE2AD0398100BB7F5E /* Build configuration list for PBXProject "Industrial Builder" */ = {
			isa = XCConfigurationList;
			buildConfigurations = (
				6289FCD32AD0398300BB7F5E /* Debug */,
				6289FCD42AD0398300BB7F5E /* Release */,
			);
			defaultConfigurationIsVisible = 0;
			defaultConfigurationName = Release;
		};
		6289FCD52AD0398300BB7F5E /* Build configuration list for PBXNativeTarget "Industrial Builder" */ = {
			isa = XCConfigurationList;
			buildConfigurations = (
				6289FCD62AD0398300BB7F5E /* Debug */,
				6289FCD72AD0398300BB7F5E /* Release */,
			);
			defaultConfigurationIsVisible = 0;
			defaultConfigurationName = Release;
		};
/* End XCConfigurationList section */

/* Begin XCRemoteSwiftPackageReference section */
		628E14502AD73C0400BC8FD9 /* XCRemoteSwiftPackageReference "IndustrialKit" */ = {
			isa = XCRemoteSwiftPackageReference;
			repositoryURL = "https://github.com/MalkarovPark/IndustrialKit";
			requirement = {
				branch = main;
				kind = branch;
			};
		};
/* End XCRemoteSwiftPackageReference section */

/* Begin XCSwiftPackageProductDependency section */
		628E14512AD73C0400BC8FD9 /* IndustrialKit */ = {
			isa = XCSwiftPackageProductDependency;
			package = 628E14502AD73C0400BC8FD9 /* XCRemoteSwiftPackageReference "IndustrialKit" */;
			productName = IndustrialKit;
		};
/* End XCSwiftPackageProductDependency section */
	};
	rootObject = 6289FCBB2AD0398100BB7F5E /* Project object */;
}
