{
  "originHash" : "571c3737038228e513d9e46678d3a98f29e81c8f798956dc813717f52bb04a39",
  "pins" : [
    {
      "identity" : "industrialkit",
      "kind" : "remoteSourceControl",
      "location" : "https://github.com/MalkarovPark/IndustrialKit",
      "state" : {
        "branch" : "main",
        "revision" : "66e0d73e294b5cfdde0fdc2b78f340a4f2f8e6c1"
      }
    }
  ],
  "version" : 3
}
