{
  "originHash" : "50992a2c077b53c0dba6008ee2777db8c684a5034f7efa3245d37826406e85fe",
  "pins" : [
    {
      "identity" : "codeeditorview",
      "kind" : "remoteSourceControl",
      "location" : "https://github.com/mchakravarty/CodeEditorView",
      "state" : {
        "revision" : "2b532411ae79520b973f1647e7ed51a6678d1188",
        "version" : "0.15.3"
      }
    },
    {
      "identity" : "industrialkit",
      "kind" : "remoteSourceControl",
      "location" : "https://github.com/MalkarovPark/IndustrialKit",
      "state" : {
        "branch" : "main",
        "revision" : "5b88a4c7c6ca2e7c33b8ed02869d6d62387bf7c5"
      }
    },
    {
      "identity" : "rearrange",
      "kind" : "remoteSourceControl",
      "location" : "https://github.com/ChimeHQ/Rearrange.git",
      "state" : {
        "revision" : "5ff7f3363f7a08f77e0d761e38e6add31c2136e1",
        "version" : "1.8.1"
      }
    }
  ],
  "version" : 3
}
